schema: '2.0'
stages:
  data_ingestion:
    cmd: python src/data_ingestion.py
    deps:
    - path: src/data_ingestion.py
      hash: md5
      md5: e77babc59fd726e93bcab492d11329f6
      size: 3649
    params:
      params.yaml:
        data_ingestion.test_size: 0.21
    outs:
    - path: data/raw
      hash: md5
      md5: 2fc82fa476d285bd2478ab3f70dccc7f.dir
      size: 484846
      nfiles: 2
  pre_processing:
    cmd: python src/pre_processing.py
    deps:
    - path: data/raw
      hash: md5
      md5: 2fc82fa476d285bd2478ab3f70dccc7f.dir
      size: 484846
      nfiles: 2
    - path: src/pre_processing.py
      hash: md5
      md5: ae0059b79590609927f72e3c373f1865
      size: 3973
    outs:
    - path: data/interim
      hash: md5
      md5: b4f97c417a52c607b4a413bdef8e0da1.dir
      size: 260499
      nfiles: 2
  feature_engineering:
    cmd: python src/feature_engineering.py
    deps:
    - path: data/interim
      hash: md5
      md5: b4f97c417a52c607b4a413bdef8e0da1.dir
      size: 260499
      nfiles: 2
    - path: src/feature_engineering.py
      hash: md5
      md5: 31edf4e0f86bc88141df97e22e7c5fb2
      size: 3919
    params:
      params.yaml:
        feature_engineering.max_features: 45
    outs:
    - path: data/processed
      hash: md5
      md5: 9d01aabf0dee662d17274eba265eec5b.dir
      size: 1066515
      nfiles: 2
  model_building:
    cmd: python src/model_building.py
    deps:
    - path: data/processed
      hash: md5
      md5: 9d01aabf0dee662d17274eba265eec5b.dir
      size: 1066515
      nfiles: 2
    - path: src/model_building.py
      hash: md5
      md5: 6f999ba45adc59b5b133af76a16f4f72
      size: 4477
    params:
      params.yaml:
        model_building.n_estimators: 20
        model_building.random_state: 2
    outs:
    - path: models/model.pkl
      hash: md5
      md5: fa6a57531e51a31b73d281746092b4f1
      size: 760662
  model_evaluation:
    cmd: python src/model_evaluation.py
    deps:
    - path: models/model.pkl
      hash: md5
      md5: fa6a57531e51a31b73d281746092b4f1
      size: 760662
    - path: src/model_evaluation.py
      hash: md5
      md5: 2f01490e288639e6b199d7006e86085a
      size: 4645
    outs:
    - path: reports/metrics.json
      hash: md5
      md5: 1597179e89448d4478329eca797a9f15
      size: 120
